{
  "name": "atlas-example-js",
  "lockfileVersion": 3,
  "requires": true,
  "packages": {
    "": {
      "name": "atlas-example-js",
      "dependencies": {
        "@cuihairu/atlas-client": "file:../../sdk/js"
      }
    },
    "../../sdk/js": {
      "name": "@cuihairu/atlas-client",
      "version": "0.1.9",
      "license": "MIT",
      "devDependencies": {
        "typescript": "^5.7.0"
      },
      "engines": {
        "node": ">=18"
      }
    },
    "node_modules/@cuihairu/atlas-client": {
      "resolved": "../../sdk/js",
      "link": true
    }
  }
}
